
Microsoft Visual Studio Solution File, Format Version 12.00
# Visual Studio 15
Project("{FAE04EC0-301F-11D3-BF4B-00C04F79EFBC}") = "foxClub", "foxClub\foxClub.csproj", "{9327A677-6394-43F7-889F-2E04165BA8AE}"
EndProject
Global
	GlobalSection(SolutionConfigurationPlatforms) = preSolution
		Debug|Any CPU = Debug|Any CPU
		Release|Any CPU = Release|Any CPU
	EndGlobalSection
	GlobalSection(ProjectConfigurationPlatforms) = postSolution
		{9327A677-6394-43F7-889F-2E04165BA8AE}.Debug|Any CPU.ActiveCfg = Debug|Any CPU
		{9327A677-6394-43F7-889F-2E04165BA8AE}.Debug|Any CPU.Build.0 = Debug|Any CPU
		{9327A677-6394-43F7-889F-2E04165BA8AE}.Release|Any CPU.ActiveCfg = Release|Any CPU
		{9327A677-6394-43F7-889F-2E04165BA8AE}.Release|Any CPU.Build.0 = Release|Any CPU
	EndGlobalSection
EndGlobal
