
Microsoft Visual Studio Solution File, Format Version 12.00
# Visual Studio 15
Project("{FAE04EC0-301F-11D3-BF4B-00C04F79EFBC}") = "Sum", "Sum\Sum.csproj", "{1ABAD703-6BD9-4551-8CBB-BB9899F63A1B}"
EndProject
Project("{FAE04EC0-301F-11D3-BF4B-00C04F79EFBC}") = "SumTest", "SumTest\SumTest.csproj", "{1D9253C9-00A2-4B03-8B23-02D378DEFCAD}"
EndProject
Global
	GlobalSection(SolutionConfigurationPlatforms) = preSolution
		Debug|Any CPU = Debug|Any CPU
		Release|Any CPU = Release|Any CPU
	EndGlobalSection
	GlobalSection(ProjectConfigurationPlatforms) = postSolution
		{1ABAD703-6BD9-4551-8CBB-BB9899F63A1B}.Debug|Any CPU.ActiveCfg = Debug|Any CPU
		{1ABAD703-6BD9-4551-8CBB-BB9899F63A1B}.Debug|Any CPU.Build.0 = Debug|Any CPU
		{1ABAD703-6BD9-4551-8CBB-BB9899F63A1B}.Release|Any CPU.ActiveCfg = Release|Any CPU
		{1ABAD703-6BD9-4551-8CBB-BB9899F63A1B}.Release|Any CPU.Build.0 = Release|Any CPU
		{1D9253C9-00A2-4B03-8B23-02D378DEFCAD}.Debug|Any CPU.ActiveCfg = Debug|Any CPU
		{1D9253C9-00A2-4B03-8B23-02D378DEFCAD}.Debug|Any CPU.Build.0 = Debug|Any CPU
		{1D9253C9-00A2-4B03-8B23-02D378DEFCAD}.Release|Any CPU.ActiveCfg = Release|Any CPU
		{1D9253C9-00A2-4B03-8B23-02D378DEFCAD}.Release|Any CPU.Build.0 = Release|Any CPU
	EndGlobalSection
EndGlobal
