
Microsoft Visual Studio Solution File, Format Version 12.00
# Visual Studio 15
Project("{FAE04EC0-301F-11D3-BF4B-00C04F79EFBC}") = "ModelStringedInstruments", "ModelStringedInstruments\ModelStringedInstruments.csproj", "{25B07FDD-8FD7-41A7-B54C-2EA019A46AAB}"
EndProject
Global
	GlobalSection(SolutionConfigurationPlatforms) = preSolution
		Debug|Any CPU = Debug|Any CPU
		Release|Any CPU = Release|Any CPU
	EndGlobalSection
	GlobalSection(ProjectConfigurationPlatforms) = postSolution
		{25B07FDD-8FD7-41A7-B54C-2EA019A46AAB}.Debug|Any CPU.ActiveCfg = Debug|Any CPU
		{25B07FDD-8FD7-41A7-B54C-2EA019A46AAB}.Debug|Any CPU.Build.0 = Debug|Any CPU
		{25B07FDD-8FD7-41A7-B54C-2EA019A46AAB}.Release|Any CPU.ActiveCfg = Release|Any CPU
		{25B07FDD-8FD7-41A7-B54C-2EA019A46AAB}.Release|Any CPU.Build.0 = Release|Any CPU
	EndGlobalSection
EndGlobal
