
Microsoft Visual Studio Solution File, Format Version 12.00
# Visual Studio 15
Project("{FAE04EC0-301F-11D3-BF4B-00C04F79EFBC}") = "Logs", "Logs\Logs.csproj", "{34E88B97-09CB-42ED-92B7-7A76BDE01FB8}"
EndProject
Global
	GlobalSection(SolutionConfigurationPlatforms) = preSolution
		Debug|Any CPU = Debug|Any CPU
		Release|Any CPU = Release|Any CPU
	EndGlobalSection
	GlobalSection(ProjectConfigurationPlatforms) = postSolution
		{34E88B97-09CB-42ED-92B7-7A76BDE01FB8}.Debug|Any CPU.ActiveCfg = Debug|Any CPU
		{34E88B97-09CB-42ED-92B7-7A76BDE01FB8}.Debug|Any CPU.Build.0 = Debug|Any CPU
		{34E88B97-09CB-42ED-92B7-7A76BDE01FB8}.Release|Any CPU.ActiveCfg = Release|Any CPU
		{34E88B97-09CB-42ED-92B7-7A76BDE01FB8}.Release|Any CPU.Build.0 = Release|Any CPU
	EndGlobalSection
EndGlobal
