
Microsoft Visual Studio Solution File, Format Version 12.00
# Visual Studio 15
Project("{FAE04EC0-301F-11D3-BF4B-00C04F79EFBC}") = "Births", "Births\Births.csproj", "{A13C5060-A230-4DF5-AB4B-E75440C17DF5}"
EndProject
Global
	GlobalSection(SolutionConfigurationPlatforms) = preSolution
		Debug|Any CPU = Debug|Any CPU
		Release|Any CPU = Release|Any CPU
	EndGlobalSection
	GlobalSection(ProjectConfigurationPlatforms) = postSolution
		{A13C5060-A230-4DF5-AB4B-E75440C17DF5}.Debug|Any CPU.ActiveCfg = Debug|Any CPU
		{A13C5060-A230-4DF5-AB4B-E75440C17DF5}.Debug|Any CPU.Build.0 = Debug|Any CPU
		{A13C5060-A230-4DF5-AB4B-E75440C17DF5}.Release|Any CPU.ActiveCfg = Release|Any CPU
		{A13C5060-A230-4DF5-AB4B-E75440C17DF5}.Release|Any CPU.Build.0 = Release|Any CPU
	EndGlobalSection
EndGlobal
