
Microsoft Visual Studio Solution File, Format Version 12.00
# Visual Studio 15
Project("{FAE04EC0-301F-11D3-BF4B-00C04F79EFBC}") = "TheGardenApplication", "TheGardenApplication\TheGardenApplication.csproj", "{673A4A34-D6D3-4B71-A5D8-B98D64512750}"
EndProject
Global
	GlobalSection(SolutionConfigurationPlatforms) = preSolution
		Debug|Any CPU = Debug|Any CPU
		Release|Any CPU = Release|Any CPU
	EndGlobalSection
	GlobalSection(ProjectConfigurationPlatforms) = postSolution
		{673A4A34-D6D3-4B71-A5D8-B98D64512750}.Debug|Any CPU.ActiveCfg = Debug|Any CPU
		{673A4A34-D6D3-4B71-A5D8-B98D64512750}.Debug|Any CPU.Build.0 = Debug|Any CPU
		{673A4A34-D6D3-4B71-A5D8-B98D64512750}.Release|Any CPU.ActiveCfg = Release|Any CPU
		{673A4A34-D6D3-4B71-A5D8-B98D64512750}.Release|Any CPU.Build.0 = Release|Any CPU
	EndGlobalSection
EndGlobal
